
Microsoft Visual Studio Solution File, Format Version 12.00
# Visual Studio Version 17
VisualStudioVersion = 17.5.2.0
MinimumVisualStudioVersion = 10.0.40219.1
Project("{FAE04EC0-301F-11D3-BF4B-00C04F79EFBC}") = "ConsoleApp1", "ConsoleApp1\ConsoleApp1.csproj", "{5B68813F-23C2-8DF2-1B1F-9033A2893F62}"
EndProject
Project("{FAE04EC0-301F-11D3-BF4B-00C04F79EFBC}") = "ConsoleApp2", "ConsoleApp2\ConsoleApp2.csproj", "{8809693D-5353-4FFC-AF6F-F351A043C5DC}"
EndProject
Project("{FAE04EC0-301F-11D3-BF4B-00C04F79EFBC}") = "ConsoleApp3", "ConsoleApp3\ConsoleApp3.csproj", "{7B01EB22-5F70-4B80-A82F-B95FF9CAF022}"
EndProject
Project("{FAE04EC0-301F-11D3-BF4B-00C04F79EFBC}") = "ConsoleApp4", "ConsoleApp4\ConsoleApp4.csproj", "{D50DC888-D696-4243-98DC-F6EA7CBF693E}"
EndProject
Project("{FAE04EC0-301F-11D3-BF4B-00C04F79EFBC}") = "ConsoleApp5", "ConsoleApp5\ConsoleApp5.csproj", "{C1E713AB-D708-4F79-90D7-5A7CAAB5EC00}"
EndProject
Project("{FAE04EC0-301F-11D3-BF4B-00C04F79EFBC}") = "ConsoleApp5_Tarakan", "ConsoleApp5_Tarakan\ConsoleApp5_Tarakan.csproj", "{4A7C3A65-8865-45C0-89D4-AB67528FAA67}"
EndProject
Project("{FAE04EC0-301F-11D3-BF4B-00C04F79EFBC}") = "ConsoleApp5_Car", "ConsoleApp5_Car\ConsoleApp5_Car.csproj", "{10ECF271-921B-4117-8BF2-035A446CC349}"
EndProject
Project("{FAE04EC0-301F-11D3-BF4B-00C04F79EFBC}") = "ConsoleApp6", "ConsoleApp6\ConsoleApp6.csproj", "{0D130FD6-F1DC-4E48-84EF-DE8220E9F9AB}"
EndProject
Project("{FAE04EC0-301F-11D3-BF4B-00C04F79EFBC}") = "ConsoleApp6_Mag", "ConsoleApp6_Mag\ConsoleApp6_Mag.csproj", "{8CCBDE26-B5BB-4857-B418-3A8F6C0E8C51}"
EndProject
Project("{FAE04EC0-301F-11D3-BF4B-00C04F79EFBC}") = "ConsoleApp7_1", "ConsoleApp7_1\ConsoleApp7_1.csproj", "{6911FD0A-A34D-43DC-B8F6-AEC50A2D5D53}"
EndProject
Project("{FAE04EC0-301F-11D3-BF4B-00C04F79EFBC}") = "ConsoleApp7", "ConsoleApp7\ConsoleApp7.csproj", "{C0CCED61-EDE8-4C28-B3AD-E46394FF2C3C}"
EndProject
Project("{FAE04EC0-301F-11D3-BF4B-00C04F79EFBC}") = "ConsoleApp8", "ConsoleApp8\ConsoleApp8.csproj", "{8203C1AF-776F-48B1-B82C-C69301DC52D2}"
EndProject
Project("{FAE04EC0-301F-11D3-BF4B-00C04F79EFBC}") = "ConsoleApp9", "ConsoleApp9\ConsoleApp9.csproj", "{AAFE5EED-9F33-4724-AA63-8ECD80652553}"
EndProject
Global
	GlobalSection(SolutionConfigurationPlatforms) = preSolution
		Debug|Any CPU = Debug|Any CPU
		Debug|x64 = Debug|x64
		Debug|x86 = Debug|x86
		Release|Any CPU = Release|Any CPU
		Release|x64 = Release|x64
		Release|x86 = Release|x86
	EndGlobalSection
	GlobalSection(ProjectConfigurationPlatforms) = postSolution
		{5B68813F-23C2-8DF2-1B1F-9033A2893F62}.Debug|Any CPU.ActiveCfg = Debug|Any CPU
		{5B68813F-23C2-8DF2-1B1F-9033A2893F62}.Debug|Any CPU.Build.0 = Debug|Any CPU
		{5B68813F-23C2-8DF2-1B1F-9033A2893F62}.Debug|x64.ActiveCfg = Debug|Any CPU
		{5B68813F-23C2-8DF2-1B1F-9033A2893F62}.Debug|x64.Build.0 = Debug|Any CPU
		{5B68813F-23C2-8DF2-1B1F-9033A2893F62}.Debug|x86.ActiveCfg = Debug|Any CPU
		{5B68813F-23C2-8DF2-1B1F-9033A2893F62}.Debug|x86.Build.0 = Debug|Any CPU
		{5B68813F-23C2-8DF2-1B1F-9033A2893F62}.Release|Any CPU.ActiveCfg = Release|Any CPU
		{5B68813F-23C2-8DF2-1B1F-9033A2893F62}.Release|Any CPU.Build.0 = Release|Any CPU
		{5B68813F-23C2-8DF2-1B1F-9033A2893F62}.Release|x64.ActiveCfg = Release|Any CPU
		{5B68813F-23C2-8DF2-1B1F-9033A2893F62}.Release|x64.Build.0 = Release|Any CPU
		{5B68813F-23C2-8DF2-1B1F-9033A2893F62}.Release|x86.ActiveCfg = Release|Any CPU
		{5B68813F-23C2-8DF2-1B1F-9033A2893F62}.Release|x86.Build.0 = Release|Any CPU
		{8809693D-5353-4FFC-AF6F-F351A043C5DC}.Debug|Any CPU.ActiveCfg = Debug|Any CPU
		{8809693D-5353-4FFC-AF6F-F351A043C5DC}.Debug|Any CPU.Build.0 = Debug|Any CPU
		{8809693D-5353-4FFC-AF6F-F351A043C5DC}.Debug|x64.ActiveCfg = Debug|Any CPU
		{8809693D-5353-4FFC-AF6F-F351A043C5DC}.Debug|x64.Build.0 = Debug|Any CPU
		{8809693D-5353-4FFC-AF6F-F351A043C5DC}.Debug|x86.ActiveCfg = Debug|Any CPU
		{8809693D-5353-4FFC-AF6F-F351A043C5DC}.Debug|x86.Build.0 = Debug|Any CPU
		{8809693D-5353-4FFC-AF6F-F351A043C5DC}.Release|Any CPU.ActiveCfg = Release|Any CPU
		{8809693D-5353-4FFC-AF6F-F351A043C5DC}.Release|Any CPU.Build.0 = Release|Any CPU
		{8809693D-5353-4FFC-AF6F-F351A043C5DC}.Release|x64.ActiveCfg = Release|Any CPU
		{8809693D-5353-4FFC-AF6F-F351A043C5DC}.Release|x64.Build.0 = Release|Any CPU
		{8809693D-5353-4FFC-AF6F-F351A043C5DC}.Release|x86.ActiveCfg = Release|Any CPU
		{8809693D-5353-4FFC-AF6F-F351A043C5DC}.Release|x86.Build.0 = Release|Any CPU
		{7B01EB22-5F70-4B80-A82F-B95FF9CAF022}.Debug|Any CPU.ActiveCfg = Debug|Any CPU
		{7B01EB22-5F70-4B80-A82F-B95FF9CAF022}.Debug|Any CPU.Build.0 = Debug|Any CPU
		{7B01EB22-5F70-4B80-A82F-B95FF9CAF022}.Debug|x64.ActiveCfg = Debug|Any CPU
		{7B01EB22-5F70-4B80-A82F-B95FF9CAF022}.Debug|x64.Build.0 = Debug|Any CPU
		{7B01EB22-5F70-4B80-A82F-B95FF9CAF022}.Debug|x86.ActiveCfg = Debug|Any CPU
		{7B01EB22-5F70-4B80-A82F-B95FF9CAF022}.Debug|x86.Build.0 = Debug|Any CPU
		{7B01EB22-5F70-4B80-A82F-B95FF9CAF022}.Release|Any CPU.ActiveCfg = Release|Any CPU
		{7B01EB22-5F70-4B80-A82F-B95FF9CAF022}.Release|Any CPU.Build.0 = Release|Any CPU
		{7B01EB22-5F70-4B80-A82F-B95FF9CAF022}.Release|x64.ActiveCfg = Release|Any CPU
		{7B01EB22-5F70-4B80-A82F-B95FF9CAF022}.Release|x64.Build.0 = Release|Any CPU
		{7B01EB22-5F70-4B80-A82F-B95FF9CAF022}.Release|x86.ActiveCfg = Release|Any CPU
		{7B01EB22-5F70-4B80-A82F-B95FF9CAF022}.Release|x86.Build.0 = Release|Any CPU
		{D50DC888-D696-4243-98DC-F6EA7CBF693E}.Debug|Any CPU.ActiveCfg = Debug|Any CPU
		{D50DC888-D696-4243-98DC-F6EA7CBF693E}.Debug|Any CPU.Build.0 = Debug|Any CPU
		{D50DC888-D696-4243-98DC-F6EA7CBF693E}.Debug|x64.ActiveCfg = Debug|Any CPU
		{D50DC888-D696-4243-98DC-F6EA7CBF693E}.Debug|x64.Build.0 = Debug|Any CPU
		{D50DC888-D696-4243-98DC-F6EA7CBF693E}.Debug|x86.ActiveCfg = Debug|Any CPU
		{D50DC888-D696-4243-98DC-F6EA7CBF693E}.Debug|x86.Build.0 = Debug|Any CPU
		{D50DC888-D696-4243-98DC-F6EA7CBF693E}.Release|Any CPU.ActiveCfg = Release|Any CPU
		{D50DC888-D696-4243-98DC-F6EA7CBF693E}.Release|Any CPU.Build.0 = Release|Any CPU
		{D50DC888-D696-4243-98DC-F6EA7CBF693E}.Release|x64.ActiveCfg = Release|Any CPU
		{D50DC888-D696-4243-98DC-F6EA7CBF693E}.Release|x64.Build.0 = Release|Any CPU
		{D50DC888-D696-4243-98DC-F6EA7CBF693E}.Release|x86.ActiveCfg = Release|Any CPU
		{D50DC888-D696-4243-98DC-F6EA7CBF693E}.Release|x86.Build.0 = Release|Any CPU
		{C1E713AB-D708-4F79-90D7-5A7CAAB5EC00}.Debug|Any CPU.ActiveCfg = Debug|Any CPU
		{C1E713AB-D708-4F79-90D7-5A7CAAB5EC00}.Debug|Any CPU.Build.0 = Debug|Any CPU
		{C1E713AB-D708-4F79-90D7-5A7CAAB5EC00}.Debug|x64.ActiveCfg = Debug|Any CPU
		{C1E713AB-D708-4F79-90D7-5A7CAAB5EC00}.Debug|x64.Build.0 = Debug|Any CPU
		{C1E713AB-D708-4F79-90D7-5A7CAAB5EC00}.Debug|x86.ActiveCfg = Debug|Any CPU
		{C1E713AB-D708-4F79-90D7-5A7CAAB5EC00}.Debug|x86.Build.0 = Debug|Any CPU
		{C1E713AB-D708-4F79-90D7-5A7CAAB5EC00}.Release|Any CPU.ActiveCfg = Release|Any CPU
		{C1E713AB-D708-4F79-90D7-5A7CAAB5EC00}.Release|Any CPU.Build.0 = Release|Any CPU
		{C1E713AB-D708-4F79-90D7-5A7CAAB5EC00}.Release|x64.ActiveCfg = Release|Any CPU
		{C1E713AB-D708-4F79-90D7-5A7CAAB5EC00}.Release|x64.Build.0 = Release|Any CPU
		{C1E713AB-D708-4F79-90D7-5A7CAAB5EC00}.Release|x86.ActiveCfg = Release|Any CPU
		{C1E713AB-D708-4F79-90D7-5A7CAAB5EC00}.Release|x86.Build.0 = Release|Any CPU
		{4A7C3A65-8865-45C0-89D4-AB67528FAA67}.Debug|Any CPU.ActiveCfg = Debug|Any CPU
		{4A7C3A65-8865-45C0-89D4-AB67528FAA67}.Debug|Any CPU.Build.0 = Debug|Any CPU
		{4A7C3A65-8865-45C0-89D4-AB67528FAA67}.Debug|x64.ActiveCfg = Debug|Any CPU
		{4A7C3A65-8865-45C0-89D4-AB67528FAA67}.Debug|x64.Build.0 = Debug|Any CPU
		{4A7C3A65-8865-45C0-89D4-AB67528FAA67}.Debug|x86.ActiveCfg = Debug|Any CPU
		{4A7C3A65-8865-45C0-89D4-AB67528FAA67}.Debug|x86.Build.0 = Debug|Any CPU
		{4A7C3A65-8865-45C0-89D4-AB67528FAA67}.Release|Any CPU.ActiveCfg = Release|Any CPU
		{4A7C3A65-8865-45C0-89D4-AB67528FAA67}.Release|Any CPU.Build.0 = Release|Any CPU
		{4A7C3A65-8865-45C0-89D4-AB67528FAA67}.Release|x64.ActiveCfg = Release|Any CPU
		{4A7C3A65-8865-45C0-89D4-AB67528FAA67}.Release|x64.Build.0 = Release|Any CPU
		{4A7C3A65-8865-45C0-89D4-AB67528FAA67}.Release|x86.ActiveCfg = Release|Any CPU
		{4A7C3A65-8865-45C0-89D4-AB67528FAA67}.Release|x86.Build.0 = Release|Any CPU
		{10ECF271-921B-4117-8BF2-035A446CC349}.Debug|Any CPU.ActiveCfg = Debug|Any CPU
		{10ECF271-921B-4117-8BF2-035A446CC349}.Debug|Any CPU.Build.0 = Debug|Any CPU
		{10ECF271-921B-4117-8BF2-035A446CC349}.Debug|x64.ActiveCfg = Debug|Any CPU
		{10ECF271-921B-4117-8BF2-035A446CC349}.Debug|x64.Build.0 = Debug|Any CPU
		{10ECF271-921B-4117-8BF2-035A446CC349}.Debug|x86.ActiveCfg = Debug|Any CPU
		{10ECF271-921B-4117-8BF2-035A446CC349}.Debug|x86.Build.0 = Debug|Any CPU
		{10ECF271-921B-4117-8BF2-035A446CC349}.Release|Any CPU.ActiveCfg = Release|Any CPU
		{10ECF271-921B-4117-8BF2-035A446CC349}.Release|Any CPU.Build.0 = Release|Any CPU
		{10ECF271-921B-4117-8BF2-035A446CC349}.Release|x64.ActiveCfg = Release|Any CPU
		{10ECF271-921B-4117-8BF2-035A446CC349}.Release|x64.Build.0 = Release|Any CPU
		{10ECF271-921B-4117-8BF2-035A446CC349}.Release|x86.ActiveCfg = Release|Any CPU
		{10ECF271-921B-4117-8BF2-035A446CC349}.Release|x86.Build.0 = Release|Any CPU
		{0D130FD6-F1DC-4E48-84EF-DE8220E9F9AB}.Debug|Any CPU.ActiveCfg = Debug|Any CPU
		{0D130FD6-F1DC-4E48-84EF-DE8220E9F9AB}.Debug|Any CPU.Build.0 = Debug|Any CPU
		{0D130FD6-F1DC-4E48-84EF-DE8220E9F9AB}.Debug|x64.ActiveCfg = Debug|Any CPU
		{0D130FD6-F1DC-4E48-84EF-DE8220E9F9AB}.Debug|x64.Build.0 = Debug|Any CPU
		{0D130FD6-F1DC-4E48-84EF-DE8220E9F9AB}.Debug|x86.ActiveCfg = Debug|Any CPU
		{0D130FD6-F1DC-4E48-84EF-DE8220E9F9AB}.Debug|x86.Build.0 = Debug|Any CPU
		{0D130FD6-F1DC-4E48-84EF-DE8220E9F9AB}.Release|Any CPU.ActiveCfg = Release|Any CPU
		{0D130FD6-F1DC-4E48-84EF-DE8220E9F9AB}.Release|Any CPU.Build.0 = Release|Any CPU
		{0D130FD6-F1DC-4E48-84EF-DE8220E9F9AB}.Release|x64.ActiveCfg = Release|Any CPU
		{0D130FD6-F1DC-4E48-84EF-DE8220E9F9AB}.Release|x64.Build.0 = Release|Any CPU
		{0D130FD6-F1DC-4E48-84EF-DE8220E9F9AB}.Release|x86.ActiveCfg = Release|Any CPU
		{0D130FD6-F1DC-4E48-84EF-DE8220E9F9AB}.Release|x86.Build.0 = Release|Any CPU
		{8CCBDE26-B5BB-4857-B418-3A8F6C0E8C51}.Debug|Any CPU.ActiveCfg = Debug|Any CPU
		{8CCBDE26-B5BB-4857-B418-3A8F6C0E8C51}.Debug|Any CPU.Build.0 = Debug|Any CPU
		{8CCBDE26-B5BB-4857-B418-3A8F6C0E8C51}.Debug|x64.ActiveCfg = Debug|Any CPU
		{8CCBDE26-B5BB-4857-B418-3A8F6C0E8C51}.Debug|x64.Build.0 = Debug|Any CPU
		{8CCBDE26-B5BB-4857-B418-3A8F6C0E8C51}.Debug|x86.ActiveCfg = Debug|Any CPU
		{8CCBDE26-B5BB-4857-B418-3A8F6C0E8C51}.Debug|x86.Build.0 = Debug|Any CPU
		{8CCBDE26-B5BB-4857-B418-3A8F6C0E8C51}.Release|Any CPU.ActiveCfg = Release|Any CPU
		{8CCBDE26-B5BB-4857-B418-3A8F6C0E8C51}.Release|Any CPU.Build.0 = Release|Any CPU
		{8CCBDE26-B5BB-4857-B418-3A8F6C0E8C51}.Release|x64.ActiveCfg = Release|Any CPU
		{8CCBDE26-B5BB-4857-B418-3A8F6C0E8C51}.Release|x64.Build.0 = Release|Any CPU
		{8CCBDE26-B5BB-4857-B418-3A8F6C0E8C51}.Release|x86.ActiveCfg = Release|Any CPU
		{8CCBDE26-B5BB-4857-B418-3A8F6C0E8C51}.Release|x86.Build.0 = Release|Any CPU
		{6911FD0A-A34D-43DC-B8F6-AEC50A2D5D53}.Debug|Any CPU.ActiveCfg = Debug|Any CPU
		{6911FD0A-A34D-43DC-B8F6-AEC50A2D5D53}.Debug|Any CPU.Build.0 = Debug|Any CPU
		{6911FD0A-A34D-43DC-B8F6-AEC50A2D5D53}.Debug|x64.ActiveCfg = Debug|Any CPU
		{6911FD0A-A34D-43DC-B8F6-AEC50A2D5D53}.Debug|x64.Build.0 = Debug|Any CPU
		{6911FD0A-A34D-43DC-B8F6-AEC50A2D5D53}.Debug|x86.ActiveCfg = Debug|Any CPU
		{6911FD0A-A34D-43DC-B8F6-AEC50A2D5D53}.Debug|x86.Build.0 = Debug|Any CPU
		{6911FD0A-A34D-43DC-B8F6-AEC50A2D5D53}.Release|Any CPU.ActiveCfg = Release|Any CPU
		{6911FD0A-A34D-43DC-B8F6-AEC50A2D5D53}.Release|Any CPU.Build.0 = Release|Any CPU
		{6911FD0A-A34D-43DC-B8F6-AEC50A2D5D53}.Release|x64.ActiveCfg = Release|Any CPU
		{6911FD0A-A34D-43DC-B8F6-AEC50A2D5D53}.Release|x64.Build.0 = Release|Any CPU
		{6911FD0A-A34D-43DC-B8F6-AEC50A2D5D53}.Release|x86.ActiveCfg = Release|Any CPU
		{6911FD0A-A34D-43DC-B8F6-AEC50A2D5D53}.Release|x86.Build.0 = Release|Any CPU
		{C0CCED61-EDE8-4C28-B3AD-E46394FF2C3C}.Debug|Any CPU.ActiveCfg = Debug|Any CPU
		{C0CCED61-EDE8-4C28-B3AD-E46394FF2C3C}.Debug|Any CPU.Build.0 = Debug|Any CPU
		{C0CCED61-EDE8-4C28-B3AD-E46394FF2C3C}.Debug|x64.ActiveCfg = Debug|Any CPU
		{C0CCED61-EDE8-4C28-B3AD-E46394FF2C3C}.Debug|x64.Build.0 = Debug|Any CPU
		{C0CCED61-EDE8-4C28-B3AD-E46394FF2C3C}.Debug|x86.ActiveCfg = Debug|Any CPU
		{C0CCED61-EDE8-4C28-B3AD-E46394FF2C3C}.Debug|x86.Build.0 = Debug|Any CPU
		{C0CCED61-EDE8-4C28-B3AD-E46394FF2C3C}.Release|Any CPU.ActiveCfg = Release|Any CPU
		{C0CCED61-EDE8-4C28-B3AD-E46394FF2C3C}.Release|Any CPU.Build.0 = Release|Any CPU
		{C0CCED61-EDE8-4C28-B3AD-E46394FF2C3C}.Release|x64.ActiveCfg = Release|Any CPU
		{C0CCED61-EDE8-4C28-B3AD-E46394FF2C3C}.Release|x64.Build.0 = Release|Any CPU
		{C0CCED61-EDE8-4C28-B3AD-E46394FF2C3C}.Release|x86.ActiveCfg = Release|Any CPU
		{C0CCED61-EDE8-4C28-B3AD-E46394FF2C3C}.Release|x86.Build.0 = Release|Any CPU
		{8203C1AF-776F-48B1-B82C-C69301DC52D2}.Debug|Any CPU.ActiveCfg = Debug|Any CPU
		{8203C1AF-776F-48B1-B82C-C69301DC52D2}.Debug|Any CPU.Build.0 = Debug|Any CPU
		{8203C1AF-776F-48B1-B82C-C69301DC52D2}.Debug|x64.ActiveCfg = Debug|Any CPU
		{8203C1AF-776F-48B1-B82C-C69301DC52D2}.Debug|x64.Build.0 = Debug|Any CPU
		{8203C1AF-776F-48B1-B82C-C69301DC52D2}.Debug|x86.ActiveCfg = Debug|Any CPU
		{8203C1AF-776F-48B1-B82C-C69301DC52D2}.Debug|x86.Build.0 = Debug|Any CPU
		{8203C1AF-776F-48B1-B82C-C69301DC52D2}.Release|Any CPU.ActiveCfg = Release|Any CPU
		{8203C1AF-776F-48B1-B82C-C69301DC52D2}.Release|Any CPU.Build.0 = Release|Any CPU
		{8203C1AF-776F-48B1-B82C-C69301DC52D2}.Release|x64.ActiveCfg = Release|Any CPU
		{8203C1AF-776F-48B1-B82C-C69301DC52D2}.Release|x64.Build.0 = Release|Any CPU
		{8203C1AF-776F-48B1-B82C-C69301DC52D2}.Release|x86.ActiveCfg = Release|Any CPU
		{8203C1AF-776F-48B1-B82C-C69301DC52D2}.Release|x86.Build.0 = Release|Any CPU
		{AAFE5EED-9F33-4724-AA63-8ECD80652553}.Debug|Any CPU.ActiveCfg = Debug|Any CPU
		{AAFE5EED-9F33-4724-AA63-8ECD80652553}.Debug|Any CPU.Build.0 = Debug|Any CPU
		{AAFE5EED-9F33-4724-AA63-8ECD80652553}.Debug|x64.ActiveCfg = Debug|Any CPU
		{AAFE5EED-9F33-4724-AA63-8ECD80652553}.Debug|x64.Build.0 = Debug|Any CPU
		{AAFE5EED-9F33-4724-AA63-8ECD80652553}.Debug|x86.ActiveCfg = Debug|Any CPU
		{AAFE5EED-9F33-4724-AA63-8ECD80652553}.Debug|x86.Build.0 = Debug|Any CPU
		{AAFE5EED-9F33-4724-AA63-8ECD80652553}.Release|Any CPU.ActiveCfg = Release|Any CPU
		{AAFE5EED-9F33-4724-AA63-8ECD80652553}.Release|Any CPU.Build.0 = Release|Any CPU
		{AAFE5EED-9F33-4724-AA63-8ECD80652553}.Release|x64.ActiveCfg = Release|Any CPU
		{AAFE5EED-9F33-4724-AA63-8ECD80652553}.Release|x64.Build.0 = Release|Any CPU
		{AAFE5EED-9F33-4724-AA63-8ECD80652553}.Release|x86.ActiveCfg = Release|Any CPU
		{AAFE5EED-9F33-4724-AA63-8ECD80652553}.Release|x86.Build.0 = Release|Any CPU
	EndGlobalSection
	GlobalSection(SolutionProperties) = preSolution
		HideSolutionNode = FALSE
	EndGlobalSection
	GlobalSection(ExtensibilityGlobals) = postSolution
		SolutionGuid = {EF5D79E6-735D-4325-9896-9A8D4A191626}
	EndGlobalSection
EndGlobal
