
Microsoft Visual Studio Solution File, Format Version 12.00
# Visual Studio Version 17
VisualStudioVersion = 17.5.2.0
MinimumVisualStudioVersion = 10.0.40219.1
Project("{FAE04EC0-301F-11D3-BF4B-00C04F79EFBC}") = "ConsoleApp1", "ConsoleApp1\ConsoleApp1.csproj", "{5B68813F-23C2-8DF2-1B1F-9033A2893F62}"
EndProject
Project("{FAE04EC0-301F-11D3-BF4B-00C04F79EFBC}") = "ConsoleApp2", "ConsoleApp2\ConsoleApp2.csproj", "{8809693D-5353-4FFC-AF6F-F351A043C5DC}"
EndProject
Project("{FAE04EC0-301F-11D3-BF4B-00C04F79EFBC}") = "ConsoleApp3", "ConsoleApp3\ConsoleApp3.csproj", "{7B01EB22-5F70-4B80-A82F-B95FF9CAF022}"
EndProject
Project("{FAE04EC0-301F-11D3-BF4B-00C04F79EFBC}") = "ConsoleApp4", "ConsoleApp4\ConsoleApp4.csproj", "{D50DC888-D696-4243-98DC-F6EA7CBF693E}"
EndProject
Project("{FAE04EC0-301F-11D3-BF4B-00C04F79EFBC}") = "ConsoleApp5", "ConsoleApp5\ConsoleApp5.csproj", "{C1E713AB-D708-4F79-90D7-5A7CAAB5EC00}"
EndProject
Global
	GlobalSection(SolutionConfigurationPlatforms) = preSolution
		Debug|Any CPU = Debug|Any CPU
		Debug|x64 = Debug|x64
		Debug|x86 = Debug|x86
		Release|Any CPU = Release|Any CPU
		Release|x64 = Release|x64
		Release|x86 = Release|x86
	EndGlobalSection
	GlobalSection(ProjectConfigurationPlatforms) = postSolution
		{5B68813F-23C2-8DF2-1B1F-9033A2893F62}.Debug|Any CPU.ActiveCfg = Debug|Any CPU
		{5B68813F-23C2-8DF2-1B1F-9033A2893F62}.Debug|Any CPU.Build.0 = Debug|Any CPU
		{5B68813F-23C2-8DF2-1B1F-9033A2893F62}.Debug|x64.ActiveCfg = Debug|Any CPU
		{5B68813F-23C2-8DF2-1B1F-9033A2893F62}.Debug|x64.Build.0 = Debug|Any CPU
		{5B68813F-23C2-8DF2-1B1F-9033A2893F62}.Debug|x86.ActiveCfg = Debug|Any CPU
		{5B68813F-23C2-8DF2-1B1F-9033A2893F62}.Debug|x86.Build.0 = Debug|Any CPU
		{5B68813F-23C2-8DF2-1B1F-9033A2893F62}.Release|Any CPU.ActiveCfg = Release|Any CPU
		{5B68813F-23C2-8DF2-1B1F-9033A2893F62}.Release|Any CPU.Build.0 = Release|Any CPU
		{5B68813F-23C2-8DF2-1B1F-9033A2893F62}.Release|x64.ActiveCfg = Release|Any CPU
		{5B68813F-23C2-8DF2-1B1F-9033A2893F62}.Release|x64.Build.0 = Release|Any CPU
		{5B68813F-23C2-8DF2-1B1F-9033A2893F62}.Release|x86.ActiveCfg = Release|Any CPU
		{5B68813F-23C2-8DF2-1B1F-9033A2893F62}.Release|x86.Build.0 = Release|Any CPU
		{8809693D-5353-4FFC-AF6F-F351A043C5DC}.Debug|Any CPU.ActiveCfg = Debug|Any CPU
		{8809693D-5353-4FFC-AF6F-F351A043C5DC}.Debug|Any CPU.Build.0 = Debug|Any CPU
		{8809693D-5353-4FFC-AF6F-F351A043C5DC}.Debug|x64.ActiveCfg = Debug|Any CPU
		{8809693D-5353-4FFC-AF6F-F351A043C5DC}.Debug|x64.Build.0 = Debug|Any CPU
		{8809693D-5353-4FFC-AF6F-F351A043C5DC}.Debug|x86.ActiveCfg = Debug|Any CPU
		{8809693D-5353-4FFC-AF6F-F351A043C5DC}.Debug|x86.Build.0 = Debug|Any CPU
		{8809693D-5353-4FFC-AF6F-F351A043C5DC}.Release|Any CPU.ActiveCfg = Release|Any CPU
		{8809693D-5353-4FFC-AF6F-F351A043C5DC}.Release|Any CPU.Build.0 = Release|Any CPU
		{8809693D-5353-4FFC-AF6F-F351A043C5DC}.Release|x64.ActiveCfg = Release|Any CPU
		{8809693D-5353-4FFC-AF6F-F351A043C5DC}.Release|x64.Build.0 = Release|Any CPU
		{8809693D-5353-4FFC-AF6F-F351A043C5DC}.Release|x86.ActiveCfg = Release|Any CPU
		{8809693D-5353-4FFC-AF6F-F351A043C5DC}.Release|x86.Build.0 = Release|Any CPU
		{7B01EB22-5F70-4B80-A82F-B95FF9CAF022}.Debug|Any CPU.ActiveCfg = Debug|Any CPU
		{7B01EB22-5F70-4B80-A82F-B95FF9CAF022}.Debug|Any CPU.Build.0 = Debug|Any CPU
		{7B01EB22-5F70-4B80-A82F-B95FF9CAF022}.Debug|x64.ActiveCfg = Debug|Any CPU
		{7B01EB22-5F70-4B80-A82F-B95FF9CAF022}.Debug|x64.Build.0 = Debug|Any CPU
		{7B01EB22-5F70-4B80-A82F-B95FF9CAF022}.Debug|x86.ActiveCfg = Debug|Any CPU
		{7B01EB22-5F70-4B80-A82F-B95FF9CAF022}.Debug|x86.Build.0 = Debug|Any CPU
		{7B01EB22-5F70-4B80-A82F-B95FF9CAF022}.Release|Any CPU.ActiveCfg = Release|Any CPU
		{7B01EB22-5F70-4B80-A82F-B95FF9CAF022}.Release|Any CPU.Build.0 = Release|Any CPU
		{7B01EB22-5F70-4B80-A82F-B95FF9CAF022}.Release|x64.ActiveCfg = Release|Any CPU
		{7B01EB22-5F70-4B80-A82F-B95FF9CAF022}.Release|x64.Build.0 = Release|Any CPU
		{7B01EB22-5F70-4B80-A82F-B95FF9CAF022}.Release|x86.ActiveCfg = Release|Any CPU
		{7B01EB22-5F70-4B80-A82F-B95FF9CAF022}.Release|x86.Build.0 = Release|Any CPU
		{D50DC888-D696-4243-98DC-F6EA7CBF693E}.Debug|Any CPU.ActiveCfg = Debug|Any CPU
		{D50DC888-D696-4243-98DC-F6EA7CBF693E}.Debug|Any CPU.Build.0 = Debug|Any CPU
		{D50DC888-D696-4243-98DC-F6EA7CBF693E}.Debug|x64.ActiveCfg = Debug|Any CPU
		{D50DC888-D696-4243-98DC-F6EA7CBF693E}.Debug|x64.Build.0 = Debug|Any CPU
		{D50DC888-D696-4243-98DC-F6EA7CBF693E}.Debug|x86.ActiveCfg = Debug|Any CPU
		{D50DC888-D696-4243-98DC-F6EA7CBF693E}.Debug|x86.Build.0 = Debug|Any CPU
		{D50DC888-D696-4243-98DC-F6EA7CBF693E}.Release|Any CPU.ActiveCfg = Release|Any CPU
		{D50DC888-D696-4243-98DC-F6EA7CBF693E}.Release|Any CPU.Build.0 = Release|Any CPU
		{D50DC888-D696-4243-98DC-F6EA7CBF693E}.Release|x64.ActiveCfg = Release|Any CPU
		{D50DC888-D696-4243-98DC-F6EA7CBF693E}.Release|x64.Build.0 = Release|Any CPU
		{D50DC888-D696-4243-98DC-F6EA7CBF693E}.Release|x86.ActiveCfg = Release|Any CPU
		{D50DC888-D696-4243-98DC-F6EA7CBF693E}.Release|x86.Build.0 = Release|Any CPU
		{C1E713AB-D708-4F79-90D7-5A7CAAB5EC00}.Debug|Any CPU.ActiveCfg = Debug|Any CPU
		{C1E713AB-D708-4F79-90D7-5A7CAAB5EC00}.Debug|Any CPU.Build.0 = Debug|Any CPU
		{C1E713AB-D708-4F79-90D7-5A7CAAB5EC00}.Debug|x64.ActiveCfg = Debug|Any CPU
		{C1E713AB-D708-4F79-90D7-5A7CAAB5EC00}.Debug|x64.Build.0 = Debug|Any CPU
		{C1E713AB-D708-4F79-90D7-5A7CAAB5EC00}.Debug|x86.ActiveCfg = Debug|Any CPU
		{C1E713AB-D708-4F79-90D7-5A7CAAB5EC00}.Debug|x86.Build.0 = Debug|Any CPU
		{C1E713AB-D708-4F79-90D7-5A7CAAB5EC00}.Release|Any CPU.ActiveCfg = Release|Any CPU
		{C1E713AB-D708-4F79-90D7-5A7CAAB5EC00}.Release|Any CPU.Build.0 = Release|Any CPU
		{C1E713AB-D708-4F79-90D7-5A7CAAB5EC00}.Release|x64.ActiveCfg = Release|Any CPU
		{C1E713AB-D708-4F79-90D7-5A7CAAB5EC00}.Release|x64.Build.0 = Release|Any CPU
		{C1E713AB-D708-4F79-90D7-5A7CAAB5EC00}.Release|x86.ActiveCfg = Release|Any CPU
		{C1E713AB-D708-4F79-90D7-5A7CAAB5EC00}.Release|x86.Build.0 = Release|Any CPU
	EndGlobalSection
	GlobalSection(SolutionProperties) = preSolution
		HideSolutionNode = FALSE
	EndGlobalSection
	GlobalSection(ExtensibilityGlobals) = postSolution
		SolutionGuid = {EF5D79E6-735D-4325-9896-9A8D4A191626}
	EndGlobalSection
EndGlobal
